{
  "nodes": {
    "cl-prolog": {
      "flake": false,
      "locked": {
        "lastModified": 1784437549,
        "narHash": "sha256-1WRrmNeniD1w1euhGhOCEpQoPVum5M2G6JVESAHzW1w=",
        "owner": "takeokunn",
        "repo": "cl-prolog",
        "rev": "b3049ad4f616e9b5cfc6987b1449b3f0920b1323",
        "type": "github"
      },
      "original": {
        "owner": "takeokunn",
        "ref": "v0.6.0",
        "repo": "cl-prolog",
        "type": "github"
      }
    },
    "cl-weave": {
      "flake": false,
      "locked": {
        "lastModified": 1784441992,
        "narHash": "sha256-ucrWD3PjamiyJ0wKhwaatGcHWicSDI3f89E4uvkeupA=",
        "owner": "takeokunn",
        "repo": "cl-weave",
        "rev": "985445109abe773fb96c479e4abdcc9e747c62bb",
        "type": "github"
      },
      "original": {
        "owner": "takeokunn",
        "ref": "v0.8.0",
        "repo": "cl-weave",
        "type": "github"
      }
    },
    "nixpkgs": {
      "locked": {
        "lastModified": 1783791668,
        "narHash": "sha256-zbcZ1dmBTPfJ7Mlqh/yLEPGpgJnwuv4Xr1xucy2WqMA=",
        "owner": "NixOS",
        "repo": "nixpkgs",
        "rev": "716c7a2664ca8325617b8a7fbb609273f2c4cae7",
        "type": "github"
      },
      "original": {
        "owner": "NixOS",
        "ref": "nixpkgs-unstable",
        "repo": "nixpkgs",
        "type": "github"
      }
    },
    "paredit-cli": {
      "inputs": {
        "nixpkgs": [
          "nixpkgs"
        ],
        "rust-overlay": "rust-overlay",
        "treefmt-nix": "treefmt-nix"
      },
      "locked": {
        "lastModified": 1783865381,
        "narHash": "sha256-9UjAmxNHhk7x4Tn1BKoQChxuubGgtcwWVyqHf0ze5kg=",
        "owner": "takeokunn",
        "repo": "paredit-cli",
        "rev": "1baae6f3a71bc8c66b6ca932021cf45d584f5f07",
        "type": "github"
      },
      "original": {
        "owner": "takeokunn",
        "repo": "paredit-cli",
        "type": "github"
      }
    },
    "root": {
      "inputs": {
        "cl-prolog": "cl-prolog",
        "cl-weave": "cl-weave",
        "nixpkgs": "nixpkgs",
        "paredit-cli": "paredit-cli"
      }
    },
    "rust-overlay": {
      "inputs": {
        "nixpkgs": [
          "paredit-cli",
          "nixpkgs"
        ]
      },
      "locked": {
        "lastModified": 1783663825,
        "narHash": "sha256-TTrNVoFdEw8j0Hn+shP1KAsimTmszTWBIIUliTaAuY0=",
        "owner": "oxalica",
        "repo": "rust-overlay",
        "rev": "072adf9b18936c1062c48123a9b77891d5968f2c",
        "type": "github"
      },
      "original": {
        "owner": "oxalica",
        "repo": "rust-overlay",
        "type": "github"
      }
    },
    "treefmt-nix": {
      "inputs": {
        "nixpkgs": [
          "paredit-cli",
          "nixpkgs"
        ]
      },
      "locked": {
        "lastModified": 1780220602,
        "narHash": "sha256-eynAfOmbmxJnkp7YewvCEbShNnnYJ9gLLqkzsYtBPeM=",
        "owner": "numtide",
        "repo": "treefmt-nix",
        "rev": "db947814a175b7ca6ded66e21383d938df01c227",
        "type": "github"
      },
      "original": {
        "owner": "numtide",
        "repo": "treefmt-nix",
        "type": "github"
      }
    }
  },
  "root": "root",
  "version": 7
}
