{
  "nodes": {
    "cl-prolog": {
      "flake": false,
      "locked": {
        "lastModified": 1784884724,
        "narHash": "sha256-kzvL7CNBj4YA1Oj8oP8gPLo4t52uMlRrM0xxWlvjtxo=",
        "owner": "nerima-lisp",
        "repo": "cl-prolog",
        "rev": "ed657d736a99d1543297dbe91f303129c5e3aaef",
        "type": "github"
      },
      "original": {
        "owner": "nerima-lisp",
        "ref": "v0.7.0",
        "repo": "cl-prolog",
        "type": "github"
      }
    },
    "cl-weave": {
      "flake": false,
      "locked": {
        "lastModified": 1784866842,
        "narHash": "sha256-uFdqahTn9aTgFYnV8tkY5CLI53EGxSZGXjW6Ky1NgXY=",
        "owner": "nerima-lisp",
        "repo": "cl-weave",
        "rev": "7ddc1a283878878a58ec90ab6d4742be86868ba8",
        "type": "github"
      },
      "original": {
        "owner": "nerima-lisp",
        "ref": "v0.10.0",
        "repo": "cl-weave",
        "type": "github"
      }
    },
    "nixpkgs": {
      "locked": {
        "lastModified": 1783791668,
        "narHash": "sha256-zbcZ1dmBTPfJ7Mlqh/yLEPGpgJnwuv4Xr1xucy2WqMA=",
        "owner": "NixOS",
        "repo": "nixpkgs",
        "rev": "716c7a2664ca8325617b8a7fbb609273f2c4cae7",
        "type": "github"
      },
      "original": {
        "owner": "NixOS",
        "ref": "nixpkgs-unstable",
        "repo": "nixpkgs",
        "type": "github"
      }
    },
    "paredit-cli": {
      "inputs": {
        "nixpkgs": [
          "nixpkgs"
        ],
        "rust-overlay": "rust-overlay",
        "treefmt-nix": "treefmt-nix"
      },
      "locked": {
        "lastModified": 1784862675,
        "narHash": "sha256-KfxEsl6TSDZwFhIyA2QP3BX+jLw6qJWEz/uMPDkYnKI=",
        "owner": "nerima-lisp",
        "repo": "paredit-cli",
        "rev": "e321bbac6d25b181eaf286697d9761cc3e874091",
        "type": "github"
      },
      "original": {
        "owner": "nerima-lisp",
        "repo": "paredit-cli",
        "type": "github"
      }
    },
    "root": {
      "inputs": {
        "cl-prolog": "cl-prolog",
        "cl-weave": "cl-weave",
        "nixpkgs": "nixpkgs",
        "paredit-cli": "paredit-cli"
      }
    },
    "rust-overlay": {
      "inputs": {
        "nixpkgs": [
          "paredit-cli",
          "nixpkgs"
        ]
      },
      "locked": {
        "lastModified": 1783663825,
        "narHash": "sha256-TTrNVoFdEw8j0Hn+shP1KAsimTmszTWBIIUliTaAuY0=",
        "owner": "oxalica",
        "repo": "rust-overlay",
        "rev": "072adf9b18936c1062c48123a9b77891d5968f2c",
        "type": "github"
      },
      "original": {
        "owner": "oxalica",
        "repo": "rust-overlay",
        "type": "github"
      }
    },
    "treefmt-nix": {
      "inputs": {
        "nixpkgs": [
          "paredit-cli",
          "nixpkgs"
        ]
      },
      "locked": {
        "lastModified": 1780220602,
        "narHash": "sha256-eynAfOmbmxJnkp7YewvCEbShNnnYJ9gLLqkzsYtBPeM=",
        "owner": "numtide",
        "repo": "treefmt-nix",
        "rev": "db947814a175b7ca6ded66e21383d938df01c227",
        "type": "github"
      },
      "original": {
        "owner": "numtide",
        "repo": "treefmt-nix",
        "type": "github"
      }
    }
  },
  "root": "root",
  "version": 7
}
